github.com/ernyoke/imger v1.0.0 h1:v+vnOpZwCfet5AUruwhN54g9v8CnhKOB3ZCsMIa5AZ0=
github.com/ernyoke/imger v1.0.0/go.mod h1:Ft4UQ3taMpn8EVVLWRlT0ijOvMTKZZqhXXR4VzCsAT4=
github.com/google/uuid v1.6.0 h1:NIvaJDMOsjHA8n1jAhLSgzrAzy1Hgr+hNrb57e+94F0=
github.com/google/uuid v1.6.0/go.mod h1:TIyPZe4MgqvfeYDBFedMoGGpEw/LqOeaOT+nhxU+yHo=
